schema: '2.0'
stages:
  raw_dataset_creation:
    cmd: python src/data/load_data.py --config=params.yaml
    deps:
    - path: data/external/casting_data
      hash: md5
      md5: 55023943fe6c218dc0496e43ecd36620.dir
      size: 70895779
      nfiles: 7207
    - path: src/data/load_data.py
      hash: md5
      md5: d7b95a83a59457961b23b9b33b0fd0c2
      size: 2084
    outs:
    - path: data/raw/casting_data
      hash: md5
      md5: 1cfacc65ea95676f1bc3b5d7bfcf2efa.dir
      size: 70895521
      nfiles: 7204
  split_data:
    cmd: python src/data/split_data.py --config=params.yaml
    deps:
    - path: data/raw/casting_data
      hash: md5
      md5: 1cfacc65ea95676f1bc3b5d7bfcf2efa.dir
      size: 70895521
      nfiles: 7204
    - path: src/data/split_data.py
      hash: md5
      md5: b27acd150be7df20aed33c16c0991502
      size: 2306
    outs:
    - path: data/processed/casting_data/test
      hash: md5
      md5: 33e465f68482936d51f4bf61b5e8ce3a.dir
      size: 7063621
      nfiles: 719
    - path: data/processed/casting_data/train
      hash: md5
      md5: 4ce0d7c64db77985fee29062c264caa8.dir
      size: 63831900
      nfiles: 6485
  model_train:
    cmd: python src/models/train_model.py --config=params.yaml
    deps:
    - path: data/processed/casting_data/test
      hash: md5
      md5: 33e465f68482936d51f4bf61b5e8ce3a.dir
      size: 7063621
      nfiles: 719
    - path: data/processed/casting_data/train
      hash: md5
      md5: 4ce0d7c64db77985fee29062c264caa8.dir
      size: 63831900
      nfiles: 6485
    - path: src/models/train_model.py
      hash: md5
      md5: 6ab407221e2065710c453fd32fe3e7b5
      size: 6538
    params:
      params.yaml:
        random_forest.max_depth: 10
        random_forest.n_estimators: 30
